
Microsoft Visual Studio Solution File, Format Version 12.00
# Visual Studio 15
VisualStudioVersion = 15.0.28010.2048
MinimumVisualStudioVersion = 10.0.40219.1
Project("{FAE04EC0-301F-11D3-BF4B-00C04F79EFBC}") = "kdmy_http", "kdmy_http\kdmy_http.csproj", "{3A704E51-6F0D-467C-9C90-B364E2A2CF5F}"
EndProject
Global
	GlobalSection(SolutionConfigurationPlatforms) = preSolution
		Debug|Any CPU = Debug|Any CPU
		Release|Any CPU = Release|Any CPU
	EndGlobalSection
	GlobalSection(ProjectConfigurationPlatforms) = postSolution
		{3A704E51-6F0D-467C-9C90-B364E2A2CF5F}.Debug|Any CPU.ActiveCfg = Debug|Any CPU
		{3A704E51-6F0D-467C-9C90-B364E2A2CF5F}.Debug|Any CPU.Build.0 = Debug|Any CPU
		{3A704E51-6F0D-467C-9C90-B364E2A2CF5F}.Release|Any CPU.ActiveCfg = Release|Any CPU
		{3A704E51-6F0D-467C-9C90-B364E2A2CF5F}.Release|Any CPU.Build.0 = Release|Any CPU
	EndGlobalSection
	GlobalSection(SolutionProperties) = preSolution
		HideSolutionNode = FALSE
	EndGlobalSection
	GlobalSection(ExtensibilityGlobals) = postSolution
		SolutionGuid = {BD51465E-7D31-4D7F-8BF8-365ACC2DD20A}
	EndGlobalSection
EndGlobal
